
Microsoft Visual Studio Solution File, Format Version 12.00
# Visual Studio Version 17
VisualStudioVersion = 17.14.36908.2 d17.14
MinimumVisualStudioVersion = 10.0.40219.1
Project("{8BC9CEB8-8B4A-11D0-8D11-00A0C91BC942}") = "baitap4", "baitap4\baitap4.vcxproj", "{8DDDC9BB-6C8D-4F67-A1C1-9B242F3C2E76}"
EndProject
Global
	GlobalSection(SolutionConfigurationPlatforms) = preSolution
		Debug|x64 = Debug|x64
		Debug|x86 = Debug|x86
		Release|x64 = Release|x64
		Release|x86 = Release|x86
	EndGlobalSection
	GlobalSection(ProjectConfigurationPlatforms) = postSolution
		{8DDDC9BB-6C8D-4F67-A1C1-9B242F3C2E76}.Debug|x64.ActiveCfg = Debug|x64
		{8DDDC9BB-6C8D-4F67-A1C1-9B242F3C2E76}.Debug|x64.Build.0 = Debug|x64
		{8DDDC9BB-6C8D-4F67-A1C1-9B242F3C2E76}.Debug|x86.ActiveCfg = Debug|Win32
		{8DDDC9BB-6C8D-4F67-A1C1-9B242F3C2E76}.Debug|x86.Build.0 = Debug|Win32
		{8DDDC9BB-6C8D-4F67-A1C1-9B242F3C2E76}.Release|x64.ActiveCfg = Release|x64
		{8DDDC9BB-6C8D-4F67-A1C1-9B242F3C2E76}.Release|x64.Build.0 = Release|x64
		{8DDDC9BB-6C8D-4F67-A1C1-9B242F3C2E76}.Release|x86.ActiveCfg = Release|Win32
		{8DDDC9BB-6C8D-4F67-A1C1-9B242F3C2E76}.Release|x86.Build.0 = Release|Win32
	EndGlobalSection
	GlobalSection(SolutionProperties) = preSolution
		HideSolutionNode = FALSE
	EndGlobalSection
	GlobalSection(ExtensibilityGlobals) = postSolution
		SolutionGuid = {6930BC57-E360-40B3-937E-A2BB6C9A218B}
	EndGlobalSection
EndGlobal
